{
  "version": 4,
  "terraform_version": "1.1.5",
  "serial": 11,
  "lineage": "67feba11-1577-aec0-b9a8-c341a97fccef",
  "outputs": {
    "acm_certificate_arn": {
      "value": "arn:aws:acm:us-east-1:239062223385:certificate/e7e642df-4de5-46f1-a0b1-fd515b75074f",
      "type": "string"
    },
    "cloudfront_distribution_id": {
      "value": "E2L681YFH804U",
      "type": "string"
    },
    "cloudfront_domain": {
      "value": "d4fjphc8rpwdc.cloudfront.net",
      "type": "string"
    },
    "cloudfront_hosted_zone_id": {
      "value": "Z2FDTNDATAQYW2",
      "type": "string"
    },
    "route53_fqdn": {
      "value": "mysite.kamehameha.site",
      "type": "string"
    },
    "s3_domain": {
      "value": "mysite.kamehameha.site.s3-website-us-east-1.amazonaws.com",
      "type": "string"
    }
  },
  "resources": [
    {
      "mode": "data",
      "type": "aws_route53_zone",
      "name": "main",
      "provider": "provider[\"registry.terraform.io/hashicorp/aws\"].main",
      "instances": [
        {
          "schema_version": 0,
          "attributes": {
            "arn": "arn:aws:route53:::hostedzone/Z05278481P6RFL6XEM62B",
            "caller_reference": "d76ff5c6-e649-42e1-8c88-424d0ce41732",
            "comment": "for kamehameha.site",
            "id": "Z05278481P6RFL6XEM62B",
            "linked_service_description": null,
            "linked_service_principal": null,
            "name": "kamehameha.site",
            "name_servers": [
              "ns-365.awsdns-45.com",
              "ns-1340.awsdns-39.org",
              "ns-736.awsdns-28.net",
              "ns-1888.awsdns-44.co.uk"
            ],
            "private_zone": false,
            "resource_record_set_count": 5,
            "tags": {},
            "vpc_id": null,
            "zone_id": "Z05278481P6RFL6XEM62B"
          },
          "sensitive_attributes": []
        }
      ]
    },
    {
      "mode": "managed",
      "type": "aws_acm_certificate",
      "name": "cert",
      "provider": "provider[\"registry.terraform.io/hashicorp/aws\"].cloudfront",
      "instances": [
        {
          "schema_version": 0,
          "attributes": {
            "arn": "arn:aws:acm:us-east-1:239062223385:certificate/e7e642df-4de5-46f1-a0b1-fd515b75074f",
            "certificate_authority_arn": "",
            "certificate_body": null,
            "certificate_chain": null,
            "domain_name": "mysite.kamehameha.site",
            "domain_validation_options": [
              {
                "domain_name": "mysite.kamehameha.site",
                "resource_record_name": "_dd5ab2a1d9c6420b06f9b0ccf0169413.mysite.kamehameha.site.",
                "resource_record_type": "CNAME",
                "resource_record_value": "_7367526614475dddfd9bf8900033bba1.mjclfywhbs.acm-validations.aws."
              }
            ],
            "id": "arn:aws:acm:us-east-1:239062223385:certificate/e7e642df-4de5-46f1-a0b1-fd515b75074f",
            "options": [
              {
                "certificate_transparency_logging_preference": "ENABLED"
              }
            ],
            "private_key": null,
            "status": "ISSUED",
            "subject_alternative_names": [],
            "tags": {},
            "tags_all": {},
            "validation_emails": [],
            "validation_method": "DNS"
          },
          "sensitive_attributes": [],
          "private": "bnVsbA=="
        }
      ]
    },
    {
      "mode": "managed",
      "type": "aws_acm_certificate_validation",
      "name": "cert",
      "provider": "provider[\"registry.terraform.io/hashicorp/aws\"].cloudfront",
      "instances": [
        {
          "schema_version": 0,
          "attributes": {
            "certificate_arn": "arn:aws:acm:us-east-1:239062223385:certificate/e7e642df-4de5-46f1-a0b1-fd515b75074f",
            "id": "2022-02-17 04:29:37.771 +0000 UTC",
            "timeouts": null,
            "validation_record_fqdns": [
              "_dd5ab2a1d9c6420b06f9b0ccf0169413.mysite.kamehameha.site"
            ]
          },
          "sensitive_attributes": [],
          "private": "eyJlMmJmYjczMC1lY2FhLTExZTYtOGY4OC0zNDM2M2JjN2M0YzAiOnsiY3JlYXRlIjoyNzAwMDAwMDAwMDAwfX0=",
          "dependencies": [
            "aws_acm_certificate.cert",
            "aws_route53_record.cert_validation",
            "data.aws_route53_zone.main"
          ]
        }
      ]
    },
    {
      "mode": "managed",
      "type": "aws_route53_record",
      "name": "cert_validation",
      "provider": "provider[\"registry.terraform.io/hashicorp/aws\"]",
      "instances": [
        {
          "index_key": "mysite.kamehameha.site",
          "schema_version": 2,
          "attributes": {
            "alias": [],
            "allow_overwrite": true,
            "failover_routing_policy": [],
            "fqdn": "_dd5ab2a1d9c6420b06f9b0ccf0169413.mysite.kamehameha.site",
            "geolocation_routing_policy": [],
            "health_check_id": "",
            "id": "Z05278481P6RFL6XEM62B__dd5ab2a1d9c6420b06f9b0ccf0169413.mysite.kamehameha.site._CNAME",
            "latency_routing_policy": [],
            "multivalue_answer_routing_policy": null,
            "name": "_dd5ab2a1d9c6420b06f9b0ccf0169413.mysite.kamehameha.site",
            "records": [
              "_7367526614475dddfd9bf8900033bba1.mjclfywhbs.acm-validations.aws."
            ],
            "set_identifier": "",
            "ttl": 60,
            "type": "CNAME",
            "weighted_routing_policy": [],
            "zone_id": "Z05278481P6RFL6XEM62B"
          },
          "sensitive_attributes": [],
          "private": "eyJzY2hlbWFfdmVyc2lvbiI6IjIifQ==",
          "dependencies": [
            "aws_acm_certificate.cert",
            "data.aws_route53_zone.main"
          ]
        }
      ]
    },
    {
      "mode": "managed",
      "type": "aws_route53_record",
      "name": "web",
      "provider": "provider[\"registry.terraform.io/hashicorp/aws\"].main",
      "instances": [
        {
          "schema_version": 2,
          "attributes": {
            "alias": [
              {
                "evaluate_target_health": false,
                "name": "d4fjphc8rpwdc.cloudfront.net",
                "zone_id": "Z2FDTNDATAQYW2"
              }
            ],
            "allow_overwrite": null,
            "failover_routing_policy": [],
            "fqdn": "mysite.kamehameha.site",
            "geolocation_routing_policy": [],
            "health_check_id": null,
            "id": "Z05278481P6RFL6XEM62B_mysite.kamehameha.site_A",
            "latency_routing_policy": [],
            "multivalue_answer_routing_policy": null,
            "name": "mysite.kamehameha.site",
            "records": null,
            "set_identifier": null,
            "ttl": null,
            "type": "A",
            "weighted_routing_policy": [],
            "zone_id": "Z05278481P6RFL6XEM62B"
          },
          "sensitive_attributes": [],
          "private": "eyJzY2hlbWFfdmVyc2lvbiI6IjIifQ==",
          "dependencies": [
            "aws_acm_certificate_validation.cert",
            "data.aws_route53_zone.main",
            "module.main.aws_cloudfront_distribution.main",
            "module.main.aws_s3_bucket.main"
          ]
        }
      ]
    },
    {
      "module": "module.main",
      "mode": "data",
      "type": "aws_iam_policy_document",
      "name": "bucket_policy",
      "provider": "provider[\"registry.terraform.io/hashicorp/aws\"].main",
      "instances": [
        {
          "schema_version": 0,
          "attributes": {
            "id": "4182045701",
            "json": "{\n  \"Version\": \"2012-10-17\",\n  \"Statement\": [\n    {\n      \"Sid\": \"AllowedIPReadAccess\",\n      \"Effect\": \"Allow\",\n      \"Action\": \"s3:GetObject\",\n      \"Resource\": \"arn:aws:s3:::mysite.kamehameha.site/*\",\n      \"Principal\": \"*\",\n      \"Condition\": {\n        \"IpAddress\": {\n          \"aws:SourceIp\": \"0.0.0.0/0\"\n        }\n      }\n    },\n    {\n      \"Sid\": \"AllowCFOriginAccess\",\n      \"Effect\": \"Allow\",\n      \"Action\": \"s3:GetObject\",\n      \"Resource\": \"arn:aws:s3:::mysite.kamehameha.site/*\",\n      \"Principal\": \"*\",\n      \"Condition\": {\n        \"StringEquals\": {\n          \"aws:UserAgent\": \"sq6R3VZpy+CR7+7HN5tDWo/RRMuaA0m3K52cHn7iJYmTDvyE7kZjmdDyA3w/268/3WiUzx3YoIb4BbQKB7raDw==\"\n        }\n      }\n    }\n  ]\n}",
            "override_json": null,
            "override_policy_documents": null,
            "policy_id": null,
            "source_json": null,
            "source_policy_documents": null,
            "statement": [
              {
                "actions": [
                  "s3:GetObject"
                ],
                "condition": [
                  {
                    "test": "IpAddress",
                    "values": [
                      "0.0.0.0/0"
                    ],
                    "variable": "aws:SourceIp"
                  }
                ],
                "effect": "Allow",
                "not_actions": [],
                "not_principals": [],
                "not_resources": [],
                "principals": [
                  {
                    "identifiers": [
                      "*"
                    ],
                    "type": "*"
                  }
                ],
                "resources": [
                  "arn:aws:s3:::mysite.kamehameha.site/*"
                ],
                "sid": "AllowedIPReadAccess"
              },
              {
                "actions": [
                  "s3:GetObject"
                ],
                "condition": [
                  {
                    "test": "StringEquals",
                    "values": [
                      "sq6R3VZpy+CR7+7HN5tDWo/RRMuaA0m3K52cHn7iJYmTDvyE7kZjmdDyA3w/268/3WiUzx3YoIb4BbQKB7raDw=="
                    ],
                    "variable": "aws:UserAgent"
                  }
                ],
                "effect": "Allow",
                "not_actions": [],
                "not_principals": [],
                "not_resources": [],
                "principals": [
                  {
                    "identifiers": [
                      "*"
                    ],
                    "type": "*"
                  }
                ],
                "resources": [
                  "arn:aws:s3:::mysite.kamehameha.site/*"
                ],
                "sid": "AllowCFOriginAccess"
              }
            ],
            "version": "2012-10-17"
          },
          "sensitive_attributes": []
        }
      ]
    },
    {
      "module": "module.main",
      "mode": "data",
      "type": "aws_region",
      "name": "main",
      "provider": "provider[\"registry.terraform.io/hashicorp/aws\"].main",
      "instances": [
        {
          "schema_version": 0,
          "attributes": {
            "description": "US East (N. Virginia)",
            "endpoint": "ec2.us-east-1.amazonaws.com",
            "id": "us-east-1",
            "name": "us-east-1"
          },
          "sensitive_attributes": []
        }
      ]
    },
    {
      "module": "module.main",
      "mode": "managed",
      "type": "aws_cloudfront_distribution",
      "name": "main",
      "provider": "provider[\"registry.terraform.io/hashicorp/aws\"].cloudfront",
      "instances": [
        {
          "index_key": 0,
          "schema_version": 1,
          "attributes": {
            "aliases": [
              "mysite.kamehameha.site"
            ],
            "arn": "arn:aws:cloudfront::239062223385:distribution/E2L681YFH804U",
            "caller_reference": "terraform-20220217045518192300000001",
            "comment": null,
            "custom_error_response": [
              {
                "error_caching_min_ttl": 300,
                "error_code": 404,
                "response_code": 404,
                "response_page_path": "/404.html"
              }
            ],
            "default_cache_behavior": [
              {
                "allowed_methods": [
                  "GET",
                  "HEAD"
                ],
                "cache_policy_id": "",
                "cached_methods": [
                  "GET",
                  "HEAD"
                ],
                "compress": true,
                "default_ttl": 300,
                "field_level_encryption_id": "",
                "forwarded_values": [
                  {
                    "cookies": [
                      {
                        "forward": "none",
                        "whitelisted_names": []
                      }
                    ],
                    "headers": [],
                    "query_string": false,
                    "query_string_cache_keys": []
                  }
                ],
                "function_association": [],
                "lambda_function_association": [],
                "max_ttl": 1200,
                "min_ttl": 0,
                "origin_request_policy_id": "",
                "realtime_log_config_arn": "",
                "response_headers_policy_id": "",
                "smooth_streaming": false,
                "target_origin_id": "origin-mysite.kamehameha.site",
                "trusted_key_groups": [],
                "trusted_signers": [],
                "viewer_protocol_policy": "redirect-to-https"
              }
            ],
            "default_root_object": "index.html",
            "domain_name": "d4fjphc8rpwdc.cloudfront.net",
            "enabled": true,
            "etag": "E2DGY00KGF13E4",
            "hosted_zone_id": "Z2FDTNDATAQYW2",
            "http_version": "http2",
            "id": "E2L681YFH804U",
            "in_progress_validation_batches": 0,
            "is_ipv6_enabled": true,
            "last_modified_time": "2022-02-17 04:55:21.508 +0000 UTC",
            "logging_config": [],
            "ordered_cache_behavior": [],
            "origin": [
              {
                "connection_attempts": 3,
                "connection_timeout": 10,
                "custom_header": [
                  {
                    "name": "User-Agent",
                    "value": "sq6R3VZpy+CR7+7HN5tDWo/RRMuaA0m3K52cHn7iJYmTDvyE7kZjmdDyA3w/268/3WiUzx3YoIb4BbQKB7raDw=="
                  }
                ],
                "custom_origin_config": [
                  {
                    "http_port": 80,
                    "https_port": 443,
                    "origin_keepalive_timeout": 5,
                    "origin_protocol_policy": "http-only",
                    "origin_read_timeout": 30,
                    "origin_ssl_protocols": [
                      "TLSv1.2"
                    ]
                  }
                ],
                "domain_name": "mysite.kamehameha.site.s3-website-us-east-1.amazonaws.com",
                "origin_id": "origin-mysite.kamehameha.site",
                "origin_path": "",
                "origin_shield": [],
                "s3_origin_config": []
              }
            ],
            "origin_group": [],
            "price_class": "PriceClass_100",
            "restrictions": [
              {
                "geo_restriction": [
                  {
                    "locations": [],
                    "restriction_type": "none"
                  }
                ]
              }
            ],
            "retain_on_delete": false,
            "status": "Deployed",
            "tags": null,
            "tags_all": {},
            "trusted_key_groups": [
              {
                "enabled": false,
                "items": []
              }
            ],
            "trusted_signers": [
              {
                "enabled": false,
                "items": []
              }
            ],
            "viewer_certificate": [
              {
                "acm_certificate_arn": "arn:aws:acm:us-east-1:239062223385:certificate/e7e642df-4de5-46f1-a0b1-fd515b75074f",
                "cloudfront_default_certificate": false,
                "iam_certificate_id": "",
                "minimum_protocol_version": "TLSv1.2_2018",
                "ssl_support_method": "sni-only"
              }
            ],
            "wait_for_deployment": true,
            "web_acl_id": ""
          },
          "sensitive_attributes": [],
          "private": "eyJzY2hlbWFfdmVyc2lvbiI6IjEifQ==",
          "dependencies": [
            "aws_acm_certificate_validation.cert",
            "module.main.aws_s3_bucket.main"
          ]
        }
      ]
    },
    {
      "module": "module.main",
      "mode": "managed",
      "type": "aws_s3_bucket",
      "name": "main",
      "provider": "provider[\"registry.terraform.io/hashicorp/aws\"].main",
      "instances": [
        {
          "schema_version": 0,
          "attributes": {
            "acceleration_status": "",
            "acl": "private",
            "arn": "arn:aws:s3:::mysite.kamehameha.site",
            "bucket": "mysite.kamehameha.site",
            "bucket_domain_name": "mysite.kamehameha.site.s3.amazonaws.com",
            "bucket_prefix": null,
            "bucket_regional_domain_name": "mysite.kamehameha.site.s3.amazonaws.com",
            "cors_rule": [],
            "force_destroy": true,
            "grant": [],
            "hosted_zone_id": "Z3AQBSTGFYJSTF",
            "id": "mysite.kamehameha.site",
            "lifecycle_rule": [],
            "logging": [],
            "object_lock_configuration": [],
            "policy": "{\"Version\":\"2012-10-17\",\"Statement\":[{\"Sid\":\"AllowedIPReadAccess\",\"Effect\":\"Allow\",\"Principal\":\"*\",\"Action\":\"s3:GetObject\",\"Resource\":\"arn:aws:s3:::mysite.kamehameha.site/*\",\"Condition\":{\"IpAddress\":{\"aws:SourceIp\":\"0.0.0.0/0\"}}},{\"Sid\":\"AllowCFOriginAccess\",\"Effect\":\"Allow\",\"Principal\":\"*\",\"Action\":\"s3:GetObject\",\"Resource\":\"arn:aws:s3:::mysite.kamehameha.site/*\",\"Condition\":{\"StringEquals\":{\"aws:UserAgent\":\"sq6R3VZpy+CR7+7HN5tDWo/RRMuaA0m3K52cHn7iJYmTDvyE7kZjmdDyA3w/268/3WiUzx3YoIb4BbQKB7raDw==\"}}}]}",
            "region": "us-east-1",
            "replication_configuration": [],
            "request_payer": "BucketOwner",
            "server_side_encryption_configuration": [],
            "tags": {
              "Name": "mysite.kamehameha.site"
            },
            "tags_all": {
              "Name": "mysite.kamehameha.site"
            },
            "versioning": [
              {
                "enabled": false,
                "mfa_delete": false
              }
            ],
            "website": [
              {
                "error_document": "error.html",
                "index_document": "index.html",
                "redirect_all_requests_to": "",
                "routing_rules": ""
              }
            ],
            "website_domain": "s3-website-us-east-1.amazonaws.com",
            "website_endpoint": "mysite.kamehameha.site.s3-website-us-east-1.amazonaws.com"
          },
          "sensitive_attributes": [],
          "private": "bnVsbA=="
        }
      ]
    },
    {
      "module": "module.main",
      "mode": "managed",
      "type": "aws_s3_bucket_acl",
      "name": "main",
      "provider": "provider[\"registry.terraform.io/hashicorp/aws\"]",
      "instances": [
        {
          "schema_version": 0,
          "attributes": {
            "access_control_policy": [
              {
                "grant": [
                  {
                    "grantee": [
                      {
                        "display_name": "aws-ext-02-root",
                        "email_address": "",
                        "id": "f84465fabcf216c62d873e519b440d2060e6a7fdcfa95af6af4934e76cc75731",
                        "type": "CanonicalUser",
                        "uri": ""
                      }
                    ],
                    "permission": "FULL_CONTROL"
                  }
                ],
                "owner": [
                  {
                    "display_name": "aws-ext-02-root",
                    "id": "f84465fabcf216c62d873e519b440d2060e6a7fdcfa95af6af4934e76cc75731"
                  }
                ]
              }
            ],
            "acl": "private",
            "bucket": "mysite.kamehameha.site",
            "expected_bucket_owner": "",
            "id": "mysite.kamehameha.site,private"
          },
          "sensitive_attributes": [],
          "private": "bnVsbA==",
          "dependencies": [
            "module.main.aws_s3_bucket.main"
          ]
        }
      ]
    },
    {
      "module": "module.main",
      "mode": "managed",
      "type": "aws_s3_bucket_policy",
      "name": "main",
      "provider": "provider[\"registry.terraform.io/hashicorp/aws\"]",
      "instances": [
        {
          "schema_version": 0,
          "attributes": {
            "bucket": "mysite.kamehameha.site",
            "id": "mysite.kamehameha.site",
            "policy": "{\"Statement\":[{\"Action\":\"s3:GetObject\",\"Condition\":{\"IpAddress\":{\"aws:SourceIp\":\"0.0.0.0/0\"}},\"Effect\":\"Allow\",\"Principal\":\"*\",\"Resource\":\"arn:aws:s3:::mysite.kamehameha.site/*\",\"Sid\":\"AllowedIPReadAccess\"},{\"Action\":\"s3:GetObject\",\"Condition\":{\"StringEquals\":{\"aws:UserAgent\":\"sq6R3VZpy+CR7+7HN5tDWo/RRMuaA0m3K52cHn7iJYmTDvyE7kZjmdDyA3w/268/3WiUzx3YoIb4BbQKB7raDw==\"}},\"Effect\":\"Allow\",\"Principal\":\"*\",\"Resource\":\"arn:aws:s3:::mysite.kamehameha.site/*\",\"Sid\":\"AllowCFOriginAccess\"}],\"Version\":\"2012-10-17\"}"
          },
          "sensitive_attributes": [],
          "private": "bnVsbA==",
          "dependencies": [
            "module.main.aws_s3_bucket.main",
            "module.main.data.aws_iam_policy_document.bucket_policy"
          ]
        }
      ]
    },
    {
      "module": "module.main",
      "mode": "managed",
      "type": "aws_s3_bucket_website_configuration",
      "name": "main",
      "provider": "provider[\"registry.terraform.io/hashicorp/aws\"]",
      "instances": [
        {
          "schema_version": 0,
          "attributes": {
            "bucket": "mysite.kamehameha.site",
            "error_document": [
              {
                "key": "error.html"
              }
            ],
            "expected_bucket_owner": "",
            "id": "mysite.kamehameha.site",
            "index_document": [
              {
                "suffix": "index.html"
              }
            ],
            "redirect_all_requests_to": [],
            "routing_rule": [],
            "website_domain": "s3-website-us-east-1.amazonaws.com",
            "website_endpoint": "mysite.kamehameha.site.s3-website-us-east-1.amazonaws.com"
          },
          "sensitive_attributes": [],
          "private": "bnVsbA==",
          "dependencies": [
            "module.main.aws_s3_bucket.main"
          ]
        }
      ]
    }
  ]
}
